
Microsoft Visual Studio Solution File, Format Version 12.00
# Visual Studio Version 16
VisualStudioVersion = 16.0.31019.35
MinimumVisualStudioVersion = 15.0.26124.0
Project("{6EC3EE1D-3C4E-46DD-8F32-0CC8E7565705}") = "FsWpf", "FsWpf\FsWpf.fsproj", "{D9D97DDF-2199-4C67-B378-F9376D78DBD8}"
EndProject
Project("{6EC3EE1D-3C4E-46DD-8F32-0CC8E7565705}") = "FsWpf.ViewModels", "FsWpf.ViewModels\FsWpf.ViewModels.fsproj", "{42CAAE96-DD81-4A0D-9CF4-16598D46EC6B}"
EndProject
Project("{2150E333-8FDC-42A3-9474-1A3956D46DE8}") = "Solution Items", "Solution Items", "{52C34918-3D6A-4309-9DAE-E8321229C112}"
	ProjectSection(SolutionItems) = preProject
		default.editorconfig = default.editorconfig
	EndProjectSection
EndProject
Global
	GlobalSection(SolutionConfigurationPlatforms) = preSolution
		Debug|Any CPU = Debug|Any CPU
		Debug|x64 = Debug|x64
		Debug|x86 = Debug|x86
		Release|Any CPU = Release|Any CPU
		Release|x64 = Release|x64
		Release|x86 = Release|x86
	EndGlobalSection
	GlobalSection(ProjectConfigurationPlatforms) = postSolution
		{D9D97DDF-2199-4C67-B378-F9376D78DBD8}.Debug|Any CPU.ActiveCfg = Debug|Any CPU
		{D9D97DDF-2199-4C67-B378-F9376D78DBD8}.Debug|Any CPU.Build.0 = Debug|Any CPU
		{D9D97DDF-2199-4C67-B378-F9376D78DBD8}.Debug|x64.ActiveCfg = Debug|Any CPU
		{D9D97DDF-2199-4C67-B378-F9376D78DBD8}.Debug|x64.Build.0 = Debug|Any CPU
		{D9D97DDF-2199-4C67-B378-F9376D78DBD8}.Debug|x86.ActiveCfg = Debug|Any CPU
		{D9D97DDF-2199-4C67-B378-F9376D78DBD8}.Debug|x86.Build.0 = Debug|Any CPU
		{D9D97DDF-2199-4C67-B378-F9376D78DBD8}.Release|Any CPU.ActiveCfg = Release|Any CPU
		{D9D97DDF-2199-4C67-B378-F9376D78DBD8}.Release|Any CPU.Build.0 = Release|Any CPU
		{D9D97DDF-2199-4C67-B378-F9376D78DBD8}.Release|x64.ActiveCfg = Release|Any CPU
		{D9D97DDF-2199-4C67-B378-F9376D78DBD8}.Release|x64.Build.0 = Release|Any CPU
		{D9D97DDF-2199-4C67-B378-F9376D78DBD8}.Release|x86.ActiveCfg = Release|Any CPU
		{D9D97DDF-2199-4C67-B378-F9376D78DBD8}.Release|x86.Build.0 = Release|Any CPU
		{42CAAE96-DD81-4A0D-9CF4-16598D46EC6B}.Debug|Any CPU.ActiveCfg = Debug|Any CPU
		{42CAAE96-DD81-4A0D-9CF4-16598D46EC6B}.Debug|Any CPU.Build.0 = Debug|Any CPU
		{42CAAE96-DD81-4A0D-9CF4-16598D46EC6B}.Debug|x64.ActiveCfg = Debug|Any CPU
		{42CAAE96-DD81-4A0D-9CF4-16598D46EC6B}.Debug|x64.Build.0 = Debug|Any CPU
		{42CAAE96-DD81-4A0D-9CF4-16598D46EC6B}.Debug|x86.ActiveCfg = Debug|Any CPU
		{42CAAE96-DD81-4A0D-9CF4-16598D46EC6B}.Debug|x86.Build.0 = Debug|Any CPU
		{42CAAE96-DD81-4A0D-9CF4-16598D46EC6B}.Release|Any CPU.ActiveCfg = Release|Any CPU
		{42CAAE96-DD81-4A0D-9CF4-16598D46EC6B}.Release|Any CPU.Build.0 = Release|Any CPU
		{42CAAE96-DD81-4A0D-9CF4-16598D46EC6B}.Release|x64.ActiveCfg = Release|Any CPU
		{42CAAE96-DD81-4A0D-9CF4-16598D46EC6B}.Release|x64.Build.0 = Release|Any CPU
		{42CAAE96-DD81-4A0D-9CF4-16598D46EC6B}.Release|x86.ActiveCfg = Release|Any CPU
		{42CAAE96-DD81-4A0D-9CF4-16598D46EC6B}.Release|x86.Build.0 = Release|Any CPU
	EndGlobalSection
	GlobalSection(SolutionProperties) = preSolution
		HideSolutionNode = FALSE
	EndGlobalSection
	GlobalSection(ExtensibilityGlobals) = postSolution
		SolutionGuid = {27C7F235-F8BC-4DDE-A766-E78A3A22993E}
	EndGlobalSection
EndGlobal
